# This file is generated by running "yarn install" inside your project.
# Manual changes might be lost - proceed with caution!

__metadata:
  version: 6
  cacheKey: 8

"@inversifyjs/common@npm:1.5.0":
  version: 1.5.0
  resolution: "@inversifyjs/common@npm:1.5.0"
  checksum: 3f4e484e45522684c0565399a4e4dc3fbd24133ee2405e6b8970e3188e3073765ae73331f3b0dd37a6df995c4537568650bcfec37ef386dc2dfdbdc89b839d80
  languageName: node
  linkType: hard

"@inversifyjs/container@npm:1.9.1":
  version: 1.9.1
  resolution: "@inversifyjs/container@npm:1.9.1"
  dependencies:
    "@inversifyjs/common": 1.5.0
    "@inversifyjs/core": 5.2.0
    "@inversifyjs/reflect-metadata-utils": 1.1.0
  peerDependencies:
    reflect-metadata: ~0.2.2
  checksum: 28b07029a6cce9d1fa73b1599fdbb800c6454903593e79e87d32966ed0f8acce4912fdb4c9ea7997b81c20638721cd5431d6cf39420eeb4a5021633017ca41e1
  languageName: node
  linkType: hard

"@inversifyjs/core@npm:5.2.0":
  version: 5.2.0
  resolution: "@inversifyjs/core@npm:5.2.0"
  dependencies:
    "@inversifyjs/common": 1.5.0
    "@inversifyjs/prototype-utils": 0.1.0
    "@inversifyjs/reflect-metadata-utils": 1.1.0
  checksum: cde7cca9c3183b7235025726f60244b85715b95ad2f3134b650b7aaa7d0097fa2b712d4065844c286327d281d02c4a98bdd43bdedc1b06811d440ab67689c394
  languageName: node
  linkType: hard

"@inversifyjs/prototype-utils@npm:0.1.0":
  version: 0.1.0
  resolution: "@inversifyjs/prototype-utils@npm:0.1.0"
  dependencies:
    "@inversifyjs/common": 1.5.0
  checksum: 91b6bcba9bbc2502aa24ce50352a38c88466cca6a1b6aca91099c1e3a162cec9e599eed393e0ead677963b7fd8f3de81ed81837d9bc020c68a1797407b6c2d4c
  languageName: node
  linkType: hard

"@inversifyjs/reflect-metadata-utils@npm:1.1.0":
  version: 1.1.0
  resolution: "@inversifyjs/reflect-metadata-utils@npm:1.1.0"
  peerDependencies:
    reflect-metadata: 0.2.2
  checksum: b543e34a0f70133239a5634635ec9567f8fe8c7f8501c01acdeb49c96777d1c6d0d680dfad5c67b4b823d1f4750f890621190da15486c9d814d698fff6bfef95
  languageName: node
  linkType: hard

"class-transformer@npm:^0.5.1":
  version: 0.5.1
  resolution: "class-transformer@npm:0.5.1"
  checksum: f191c8b4cc4239990f5efdd790cabdd852c243ed66248e39f6616a349c910c6eed2d9fd1fbf7ee6ea89f69b4f1d0b493b27347fe0cd0ae26b47c3745a805b6d3
  languageName: node
  linkType: hard

"contracts.ts@github:qtvhao/Contracts.ts":
  version: 1.0.0
  resolution: "contracts.ts@https://github.com/qtvhao/Contracts.ts.git#commit=0d16e4aeb6353a72019b31e2e633e37dce5adf58"
  dependencies:
    inversify: ^7.5.1
  checksum: eeaa526154b4cb35afb9b96707a44b08f5dea8e2db193bc1f256bf8f1cfe2694b43f738205127f18640f16a284c297266e6fcd1464508e581ff781e50d44317e
  languageName: node
  linkType: hard

"contracts.ts@github:qtvhao/contracts.ts":
  version: 1.0.0
  resolution: "contracts.ts@https://github.com/qtvhao/contracts.ts.git#commit=0d16e4aeb6353a72019b31e2e633e37dce5adf58"
  dependencies:
    inversify: ^7.5.1
  checksum: eeaa526154b4cb35afb9b96707a44b08f5dea8e2db193bc1f256bf8f1cfe2694b43f738205127f18640f16a284c297266e6fcd1464508e581ff781e50d44317e
  languageName: node
  linkType: hard

"inversify@npm:^7.0.0-alpha.5, inversify@npm:^7.5.1":
  version: 7.5.1
  resolution: "inversify@npm:7.5.1"
  dependencies:
    "@inversifyjs/common": 1.5.0
    "@inversifyjs/container": 1.9.1
    "@inversifyjs/core": 5.2.0
  peerDependencies:
    reflect-metadata: ~0.2.2
  checksum: a4f6275d28c304600d1d4183e3b09c08cec4c804aed33ad4512e6fbfc239f4f67e065e9ca9278fd94f06d8fa71edafab117d619ef897167289df70231041307c
  languageName: node
  linkType: hard

"kernel.ts@github:qtvhao/kernel.ts":
  version: 1.0.0
  resolution: "kernel.ts@https://github.com/qtvhao/kernel.ts.git#commit=4e574a2d405b822a66a6c665302cd14269e1506c"
  dependencies:
    contracts.ts: "github:qtvhao/contracts.ts"
    inversify: ^7.5.1
    support.ts: "github:qtvhao/support.ts"
  checksum: 3cbfe0c7f6576332189b7919753e7c3dae7cb538e7fc84929084e17c36f794bf35aa42b019a8b88205ff8c7d25801ad570c4c4081a496fa42590bd034013e64a
  languageName: node
  linkType: hard

"messaging.ts@github:qtvhao/messaging.ts":
  version: 1.0.0
  resolution: "messaging.ts@https://github.com/qtvhao/messaging.ts.git#commit=71dba0e7d8ed6fc1edb1c5dcca1aeb6c771121d4"
  dependencies:
    class-transformer: ^0.5.1
    contracts.ts: "github:qtvhao/contracts.ts"
    kernel.ts: "github:qtvhao/kernel.ts"
  checksum: 016cf77ad7cc50a053613fe67245dac27836c10c6e4d83147f93bea3d8cf51ec886c3369e2b29c51bbacc0c3bf92e2637c688a8a60a61f19a24b81123b9b3471
  languageName: node
  linkType: hard

"reflect-metadata@npm:^0.2.2":
  version: 0.2.2
  resolution: "reflect-metadata@npm:0.2.2"
  checksum: a66c7b583e4efdd8f3c3124fbff33da2d0c86d8280617516308b32b2159af7a3698c961db3246387f56f6316b1d33a608f39bb2b49d813316dfc58f6d3bf3210
  languageName: node
  linkType: hard

"support.ts@github:qtvhao/support.ts":
  version: 1.0.0
  resolution: "support.ts@https://github.com/qtvhao/support.ts.git#commit=0a2fa476aaad0b04375c1128b72cfb5b466176a9"
  dependencies:
    contracts.ts: "github:qtvhao/Contracts.ts"
    inversify: ^7.5.1
  checksum: 50212382154247fca2e6e3856c6d84a35d3b0eef38db5edc525e7a453d7a0eb04a9599ef9373a6c8f9a545cfd6c23d7e382567c49dc475d088ca3be74cc0f25f
  languageName: node
  linkType: hard

"systemclock@workspace:.":
  version: 0.0.0-use.local
  resolution: "systemclock@workspace:."
  dependencies:
    inversify: ^7.0.0-alpha.5
    kernel.ts: "github:qtvhao/kernel.ts"
    messaging.ts: "github:qtvhao/messaging.ts"
    reflect-metadata: ^0.2.2
    support.ts: "github:qtvhao/support.ts"
    typescript: ^5.8.3
  languageName: unknown
  linkType: soft

"typescript@npm:^5.8.3":
  version: 5.8.3
  resolution: "typescript@npm:5.8.3"
  bin:
    tsc: bin/tsc
    tsserver: bin/tsserver
  checksum: cb1d081c889a288b962d3c8ae18d337ad6ee88a8e81ae0103fa1fecbe923737f3ba1dbdb3e6d8b776c72bc73bfa6d8d850c0306eed1a51377d2fccdfd75d92c4
  languageName: node
  linkType: hard

"typescript@patch:typescript@^5.8.3#~builtin<compat/typescript>":
  version: 5.8.3
  resolution: "typescript@patch:typescript@npm%3A5.8.3#~builtin<compat/typescript>::version=5.8.3&hash=29ae49"
  bin:
    tsc: bin/tsc
    tsserver: bin/tsserver
  checksum: 1b503525a88ff0ff5952e95870971c4fb2118c17364d60302c21935dedcd6c37e6a0a692f350892bafcef6f4a16d09073fe461158547978d2f16fbe4cb18581c
  languageName: node
  linkType: hard
